
Microsoft Visual Studio Solution File, Format Version 12.00
# Visual Studio 2012
Project("{FAE04EC0-301F-11D3-BF4B-00C04F79EFBC}") = "Analfabet", "Analfabet\Analfabet.csproj", "{CBAE5F6E-D56D-4C8F-AF57-8693C7C45085}"
EndProject
Global
	GlobalSection(SolutionConfigurationPlatforms) = preSolution
		Debug|x86 = Debug|x86
		Release|x86 = Release|x86
	EndGlobalSection
	GlobalSection(ProjectConfigurationPlatforms) = postSolution
		{CBAE5F6E-D56D-4C8F-AF57-8693C7C45085}.Debug|x86.ActiveCfg = Debug|x86
		{CBAE5F6E-D56D-4C8F-AF57-8693C7C45085}.Debug|x86.Build.0 = Debug|x86
		{CBAE5F6E-D56D-4C8F-AF57-8693C7C45085}.Release|x86.ActiveCfg = Release|x86
		{CBAE5F6E-D56D-4C8F-AF57-8693C7C45085}.Release|x86.Build.0 = Release|x86
	EndGlobalSection
EndGlobal
